
Microsoft Visual Studio Solution File, Format Version 12.00
# Visual Studio 2013
VisualStudioVersion = 12.0.31101.0
MinimumVisualStudioVersion = 10.0.40219.1
Project("{FAE04EC0-301F-11D3-BF4B-00C04F79EFBC}") = "Purevision", "Purevision\Purevision.csproj", "{E5281DE8-463A-4038-9974-735C6E553E6D}"
EndProject
Project("{FAE04EC0-301F-11D3-BF4B-00C04F79EFBC}") = "PurevisionTests", "PurevisionTests\PurevisionTests.csproj", "{0C40696B-F01B-4B36-A5E7-35581D1A8D20}"
EndProject
Project("{2150E333-8FDC-42A3-9474-1A3956D46DE8}") = "Solution Items", "Solution Items", "{09CB4F9B-AFF9-4DEE-B879-DB47E92FC6BF}"
	ProjectSection(SolutionItems) = preProject
		~README.txt = ~README.txt
	EndProjectSection
EndProject
Global
	GlobalSection(SolutionConfigurationPlatforms) = preSolution
		Debug|Any CPU = Debug|Any CPU
		Release|Any CPU = Release|Any CPU
	EndGlobalSection
	GlobalSection(ProjectConfigurationPlatforms) = postSolution
		{E5281DE8-463A-4038-9974-735C6E553E6D}.Debug|Any CPU.ActiveCfg = Debug|Any CPU
		{E5281DE8-463A-4038-9974-735C6E553E6D}.Debug|Any CPU.Build.0 = Debug|Any CPU
		{E5281DE8-463A-4038-9974-735C6E553E6D}.Release|Any CPU.ActiveCfg = Release|Any CPU
		{E5281DE8-463A-4038-9974-735C6E553E6D}.Release|Any CPU.Build.0 = Release|Any CPU
		{0C40696B-F01B-4B36-A5E7-35581D1A8D20}.Debug|Any CPU.ActiveCfg = Debug|Any CPU
		{0C40696B-F01B-4B36-A5E7-35581D1A8D20}.Debug|Any CPU.Build.0 = Debug|Any CPU
		{0C40696B-F01B-4B36-A5E7-35581D1A8D20}.Release|Any CPU.ActiveCfg = Release|Any CPU
		{0C40696B-F01B-4B36-A5E7-35581D1A8D20}.Release|Any CPU.Build.0 = Release|Any CPU
	EndGlobalSection
	GlobalSection(SolutionProperties) = preSolution
		HideSolutionNode = FALSE
	EndGlobalSection
EndGlobal
